// !$*UTF8*$!
{
	archiveVersion = 1;
	classes = {
	};
	objectVersion = 50;
	objects = {

/* Begin PBXBuildFile section */
		85F12D0B2329FFE60054794F /* AppDelegate.swift in Sources */ = {isa = PBXBuildFile; fileRef = 85F12D0A2329FFE60054794F /* AppDelegate.swift */; };
		85F12D0D2329FFE60054794F /* MainVC.swift in Sources */ = {isa = PBXBuildFile; fileRef = 85F12D0C2329FFE60054794F /* MainVC.swift */; };
		85F12D102329FFE60054794F /* Main.storyboard in Resources */ = {isa = PBXBuildFile; fileRef = 85F12D0E2329FFE60054794F /* Main.storyboard */; };
		85F12D122329FFE70054794F /* Assets.xcassets in Resources */ = {isa = PBXBuildFile; fileRef = 85F12D112329FFE70054794F /* Assets.xcassets */; };
		85F12D152329FFE70054794F /* LaunchScreen.storyboard in Resources */ = {isa = PBXBuildFile; fileRef = 85F12D132329FFE70054794F /* LaunchScreen.storyboard */; };
		85F12D20232A04AF0054794F /* AppleProduct.swift in Sources */ = {isa = PBXBuildFile; fileRef = 85F12D1F232A04AF0054794F /* AppleProduct.swift */; };
		85F12D22232A08A00054794F /* CustomPrettyView.swift in Sources */ = {isa = PBXBuildFile; fileRef = 85F12D21232A08A00054794F /* CustomPrettyView.swift */; };
		85F12D24232A1A640054794F /* SamsungProduct.swift in Sources */ = {isa = PBXBuildFile; fileRef = 85F12D23232A1A640054794F /* SamsungProduct.swift */; };
		85F12D26232A1CF30054794F /* CustomLabel.swift in Sources */ = {isa = PBXBuildFile; fileRef = 85F12D25232A1CF30054794F /* CustomLabel.swift */; };
/* End PBXBuildFile section */

/* Begin PBXFileReference section */
		85F12D072329FFE60054794F /* MVC in ios.app */ = {isa = PBXFileReference; explicitFileType = wrapper.application; includeInIndex = 0; path = "MVC in ios.app"; sourceTree = BUILT_PRODUCTS_DIR; };
		85F12D0A2329FFE60054794F /* AppDelegate.swift */ = {isa = PBXFileReference; lastKnownFileType = sourcecode.swift; path = AppDelegate.swift; sourceTree = "<group>"; };
		85F12D0C2329FFE60054794F /* MainVC.swift */ = {isa = PBXFileReference; lastKnownFileType = sourcecode.swift; path = MainVC.swift; sourceTree = "<group>"; };
		85F12D0F2329FFE60054794F /* Base */ = {isa = PBXFileReference; lastKnownFileType = file.storyboard; name = Base; path = Base.lproj/Main.storyboard; sourceTree = "<group>"; };
		85F12D112329FFE70054794F /* Assets.xcassets */ = {isa = PBXFileReference; lastKnownFileType = folder.assetcatalog; path = Assets.xcassets; sourceTree = "<group>"; };
		85F12D142329FFE70054794F /* Base */ = {isa = PBXFileReference; lastKnownFileType = file.storyboard; name = Base; path = Base.lproj/LaunchScreen.storyboard; sourceTree = "<group>"; };
		85F12D162329FFE70054794F /* Info.plist */ = {isa = PBXFileReference; lastKnownFileType = text.plist.xml; path = Info.plist; sourceTree = "<group>"; };
		85F12D1F232A04AF0054794F /* AppleProduct.swift */ = {isa = PBXFileReference; lastKnownFileType = sourcecode.swift; path = AppleProduct.swift; sourceTree = "<group>"; };
		85F12D21232A08A00054794F /* CustomPrettyView.swift */ = {isa = PBXFileReference; lastKnownFileType = sourcecode.swift; path = CustomPrettyView.swift; sourceTree = "<group>"; };
		85F12D23232A1A640054794F /* SamsungProduct.swift */ = {isa = PBXFileReference; lastKnownFileType = sourcecode.swift; path = SamsungProduct.swift; sourceTree = "<group>"; };
		85F12D25232A1CF30054794F /* CustomLabel.swift */ = {isa = PBXFileReference; lastKnownFileType = sourcecode.swift; path = CustomLabel.swift; sourceTree = "<group>"; };
/* End PBXFileReference section */

/* Begin PBXFrameworksBuildPhase section */
		85F12D042329FFE60054794F /* Frameworks */ = {
			isa = PBXFrameworksBuildPhase;
			buildActionMask = 2147483647;
			files = (
			);
			runOnlyForDeploymentPostprocessing = 0;
		};
/* End PBXFrameworksBuildPhase section */

/* Begin PBXGroup section */
		85F12CFE2329FFE60054794F = {
			isa = PBXGroup;
			children = (
				85F12D092329FFE60054794F /* MVC in ios */,
				85F12D082329FFE60054794F /* Products */,
			);
			sourceTree = "<group>";
		};
		85F12D082329FFE60054794F /* Products */ = {
			isa = PBXGroup;
			children = (
				85F12D072329FFE60054794F /* MVC in ios.app */,
			);
			name = Products;
			sourceTree = "<group>";
		};
		85F12D092329FFE60054794F /* MVC in ios */ = {
			isa = PBXGroup;
			children = (
				85F12D1E232A00110054794F /* Controller */,
				85F12D1D232A00080054794F /* View */,
				85F12D1C232A00000054794F /* Model */,
				85F12D0A2329FFE60054794F /* AppDelegate.swift */,
				85F12D0E2329FFE60054794F /* Main.storyboard */,
				85F12D112329FFE70054794F /* Assets.xcassets */,
				85F12D132329FFE70054794F /* LaunchScreen.storyboard */,
				85F12D162329FFE70054794F /* Info.plist */,
			);
			path = "MVC in ios";
			sourceTree = "<group>";
		};
		85F12D1C232A00000054794F /* Model */ = {
			isa = PBXGroup;
			children = (
				85F12D1F232A04AF0054794F /* AppleProduct.swift */,
				85F12D23232A1A640054794F /* SamsungProduct.swift */,
			);
			path = Model;
			sourceTree = "<group>";
		};
		85F12D1D232A00080054794F /* View */ = {
			isa = PBXGroup;
			children = (
				85F12D21232A08A00054794F /* CustomPrettyView.swift */,
				85F12D25232A1CF30054794F /* CustomLabel.swift */,
			);
			path = View;
			sourceTree = "<group>";
		};
		85F12D1E232A00110054794F /* Controller */ = {
			isa = PBXGroup;
			children = (
				85F12D0C2329FFE60054794F /* MainVC.swift */,
			);
			path = Controller;
			sourceTree = "<group>";
		};
/* End PBXGroup section */

/* Begin PBXNativeTarget section */
		85F12D062329FFE60054794F /* MVC in ios */ = {
			isa = PBXNativeTarget;
			buildConfigurationList = 85F12D192329FFE70054794F /* Build configuration list for PBXNativeTarget "MVC in ios" */;
			buildPhases = (
				85F12D032329FFE60054794F /* Sources */,
				85F12D042329FFE60054794F /* Frameworks */,
				85F12D052329FFE60054794F /* Resources */,
			);
			buildRules = (
			);
			dependencies = (
			);
			name = "MVC in ios";
			productName = "MVC in ios";
			productReference = 85F12D072329FFE60054794F /* MVC in ios.app */;
			productType = "com.apple.product-type.application";
		};
/* End PBXNativeTarget section */

/* Begin PBXProject section */
		85F12CFF2329FFE60054794F /* Project object */ = {
			isa = PBXProject;
			attributes = {
				LastSwiftUpdateCheck = 1030;
				LastUpgradeCheck = 1030;
				ORGANIZATIONNAME = "Abdallah Ali";
				TargetAttributes = {
					85F12D062329FFE60054794F = {
						CreatedOnToolsVersion = 10.3;
					};
				};
			};
			buildConfigurationList = 85F12D022329FFE60054794F /* Build configuration list for PBXProject "MVC in ios" */;
			compatibilityVersion = "Xcode 9.3";
			developmentRegion = en;
			hasScannedForEncodings = 0;
			knownRegions = (
				en,
				Base,
			);
			mainGroup = 85F12CFE2329FFE60054794F;
			productRefGroup = 85F12D082329FFE60054794F /* Products */;
			projectDirPath = "";
			projectRoot = "";
			targets = (
				85F12D062329FFE60054794F /* MVC in ios */,
			);
		};
/* End PBXProject section */

/* Begin PBXResourcesBuildPhase section */
		85F12D052329FFE60054794F /* Resources */ = {
			isa = PBXResourcesBuildPhase;
			buildActionMask = 2147483647;
			files = (
				85F12D152329FFE70054794F /* LaunchScreen.storyboard in Resources */,
				85F12D122329FFE70054794F /* Assets.xcassets in Resources */,
				85F12D102329FFE60054794F /* Main.storyboard in Resources */,
			);
			runOnlyForDeploymentPostprocessing = 0;
		};
/* End PBXResourcesBuildPhase section */

/* Begin PBXSourcesBuildPhase section */
		85F12D032329FFE60054794F /* Sources */ = {
			isa = PBXSourcesBuildPhase;
			buildActionMask = 2147483647;
			files = (
				85F12D24232A1A640054794F /* SamsungProduct.swift in Sources */,
				85F12D26232A1CF30054794F /* CustomLabel.swift in Sources */,
				85F12D20232A04AF0054794F /* AppleProduct.swift in Sources */,
				85F12D0D2329FFE60054794F /* MainVC.swift in Sources */,
				85F12D0B2329FFE60054794F /* AppDelegate.swift in Sources */,
				85F12D22232A08A00054794F /* CustomPrettyView.swift in Sources */,
			);
			runOnlyForDeploymentPostprocessing = 0;
		};
/* End PBXSourcesBuildPhase section */

/* Begin PBXVariantGroup section */
		85F12D0E2329FFE60054794F /* Main.storyboard */ = {
			isa = PBXVariantGroup;
			children = (
				85F12D0F2329FFE60054794F /* Base */,
			);
			name = Main.storyboard;
			sourceTree = "<group>";
		};
		85F12D132329FFE70054794F /* LaunchScreen.storyboard */ = {
			isa = PBXVariantGroup;
			children = (
				85F12D142329FFE70054794F /* Base */,
			);
			name = LaunchScreen.storyboard;
			sourceTree = "<group>";
		};
/* End PBXVariantGroup section */

/* Begin XCBuildConfiguration section */
		85F12D172329FFE70054794F /* Debug */ = {
			isa = XCBuildConfiguration;
			buildSettings = {
				ALWAYS_SEARCH_USER_PATHS = NO;
				CLANG_ANALYZER_NONNULL = YES;
				CLANG_ANALYZER_NUMBER_OBJECT_CONVERSION = YES_AGGRESSIVE;
				CLANG_CXX_LANGUAGE_STANDARD = "gnu++14";
				CLANG_CXX_LIBRARY = "libc++";
				CLANG_ENABLE_MODULES = YES;
				CLANG_ENABLE_OBJC_ARC = YES;
				CLANG_ENABLE_OBJC_WEAK = YES;
				CLANG_WARN_BLOCK_CAPTURE_AUTORELEASING = YES;
				CLANG_WARN_BOOL_CONVERSION = YES;
				CLANG_WARN_COMMA = YES;
				CLANG_WARN_CONSTANT_CONVERSION = YES;
				CLANG_WARN_DEPRECATED_OBJC_IMPLEMENTATIONS = YES;
				CLANG_WARN_DIRECT_OBJC_ISA_USAGE = YES_ERROR;
				CLANG_WARN_DOCUMENTATION_COMMENTS = YES;
				CLANG_WARN_EMPTY_BODY = YES;
				CLANG_WARN_ENUM_CONVERSION = YES;
				CLANG_WARN_INFINITE_RECURSION = YES;
				CLANG_WARN_INT_CONVERSION = YES;
				CLANG_WARN_NON_LITERAL_NULL_CONVERSION = YES;
				CLANG_WARN_OBJC_IMPLICIT_RETAIN_SELF = YES;
				CLANG_WARN_OBJC_LITERAL_CONVERSION = YES;
				CLANG_WARN_OBJC_ROOT_CLASS = YES_ERROR;
				CLANG_WARN_RANGE_LOOP_ANALYSIS = YES;
				CLANG_WARN_STRICT_PROTOTYPES = YES;
				CLANG_WARN_SUSPICIOUS_MOVE = YES;
				CLANG_WARN_UNGUARDED_AVAILABILITY = YES_AGGRESSIVE;
				CLANG_WARN_UNREACHABLE_CODE = YES;
				CLANG_WARN__DUPLICATE_METHOD_MATCH = YES;
				CODE_SIGN_IDENTITY = "iPhone Developer";
				COPY_PHASE_STRIP = NO;
				DEBUG_INFORMATION_FORMAT = dwarf;
				ENABLE_STRICT_OBJC_MSGSEND = YES;
				ENABLE_TESTABILITY = YES;
				GCC_C_LANGUAGE_STANDARD = gnu11;
				GCC_DYNAMIC_NO_PIC = NO;
				GCC_NO_COMMON_BLOCKS = YES;
				GCC_OPTIMIZATION_LEVEL = 0;
				GCC_PREPROCESSOR_DEFINITIONS = (
					"DEBUG=1",
					"$(inherited)",
				);
				GCC_WARN_64_TO_32_BIT_CONVERSION = YES;
				GCC_WARN_ABOUT_RETURN_TYPE = YES_ERROR;
				GCC_WARN_UNDECLARED_SELECTOR = YES;
				GCC_WARN_UNINITIALIZED_AUTOS = YES_AGGRESSIVE;
				GCC_WARN_UNUSED_FUNCTION = YES;
				GCC_WARN_UNUSED_VARIABLE = YES;
				IPHONEOS_DEPLOYMENT_TARGET = 12.4;
				MTL_ENABLE_DEBUG_INFO = INCLUDE_SOURCE;
				MTL_FAST_MATH = YES;
				ONLY_ACTIVE_ARCH = YES;
				SDKROOT = iphoneos;
				SWIFT_ACTIVE_COMPILATION_CONDITIONS = DEBUG;
				SWIFT_OPTIMIZATION_LEVEL = "-Onone";
			};
			name = Debug;
		};
		85F12D182329FFE70054794F /* Release */ = {
			isa = XCBuildConfiguration;
			buildSettings = {
				ALWAYS_SEARCH_USER_PATHS = NO;
				CLANG_ANALYZER_NONNULL = YES;
				CLANG_ANALYZER_NUMBER_OBJECT_CONVERSION = YES_AGGRESSIVE;
				CLANG_CXX_LANGUAGE_STANDARD = "gnu++14";
				CLANG_CXX_LIBRARY = "libc++";
				CLANG_ENABLE_MODULES = YES;
				CLANG_ENABLE_OBJC_ARC = YES;
				CLANG_ENABLE_OBJC_WEAK = YES;
				CLANG_WARN_BLOCK_CAPTURE_AUTORELEASING = YES;
				CLANG_WARN_BOOL_CONVERSION = YES;
				CLANG_WARN_COMMA = YES;
				CLANG_WARN_CONSTANT_CONVERSION = YES;
				CLANG_WARN_DEPRECATED_OBJC_IMPLEMENTATIONS = YES;
				CLANG_WARN_DIRECT_OBJC_ISA_USAGE = YES_ERROR;
				CLANG_WARN_DOCUMENTATION_COMMENTS = YES;
				CLANG_WARN_EMPTY_BODY = YES;
				CLANG_WARN_ENUM_CONVERSION = YES;
				CLANG_WARN_INFINITE_RECURSION = YES;
				CLANG_WARN_INT_CONVERSION = YES;
				CLANG_WARN_NON_LITERAL_NULL_CONVERSION = YES;
				CLANG_WARN_OBJC_IMPLICIT_RETAIN_SELF = YES;
				CLANG_WARN_OBJC_LITERAL_CONVERSION = YES;
				CLANG_WARN_OBJC_ROOT_CLASS = YES_ERROR;
				CLANG_WARN_RANGE_LOOP_ANALYSIS = YES;
				CLANG_WARN_STRICT_PROTOTYPES = YES;
				CLANG_WARN_SUSPICIOUS_MOVE = YES;
				CLANG_WARN_UNGUARDED_AVAILABILITY = YES_AGGRESSIVE;
				CLANG_WARN_UNREACHABLE_CODE = YES;
				CLANG_WARN__DUPLICATE_METHOD_MATCH = YES;
				CODE_SIGN_IDENTITY = "iPhone Developer";
				COPY_PHASE_STRIP = NO;
				DEBUG_INFORMATION_FORMAT = "dwarf-with-dsym";
				ENABLE_NS_ASSERTIONS = NO;
				ENABLE_STRICT_OBJC_MSGSEND = YES;
				GCC_C_LANGUAGE_STANDARD = gnu11;
				GCC_NO_COMMON_BLOCKS = YES;
				GCC_WARN_64_TO_32_BIT_CONVERSION = YES;
				GCC_WARN_ABOUT_RETURN_TYPE = YES_ERROR;
				GCC_WARN_UNDECLARED_SELECTOR = YES;
				GCC_WARN_UNINITIALIZED_AUTOS = YES_AGGRESSIVE;
				GCC_WARN_UNUSED_FUNCTION = YES;
				GCC_WARN_UNUSED_VARIABLE = YES;
				IPHONEOS_DEPLOYMENT_TARGET = 12.4;
				MTL_ENABLE_DEBUG_INFO = NO;
				MTL_FAST_MATH = YES;
				SDKROOT = iphoneos;
				SWIFT_COMPILATION_MODE = wholemodule;
				SWIFT_OPTIMIZATION_LEVEL = "-O";
				VALIDATE_PRODUCT = YES;
			};
			name = Release;
		};
		85F12D1A2329FFE70054794F /* Debug */ = {
			isa = XCBuildConfiguration;
			buildSettings = {
				ASSETCATALOG_COMPILER_APPICON_NAME = AppIcon;
				CODE_SIGN_STYLE = Automatic;
				DEVELOPMENT_TEAM = MBH23373JX;
				INFOPLIST_FILE = "MVC in ios/Info.plist";
				LD_RUNPATH_SEARCH_PATHS = (
					"$(inherited)",
					"@executable_path/Frameworks",
				);
				PRODUCT_BUNDLE_IDENTIFIER = "abdo.test.MVC-in-ios";
				PRODUCT_NAME = "$(TARGET_NAME)";
				SWIFT_VERSION = 5.0;
				TARGETED_DEVICE_FAMILY = "1,2";
			};
			name = Debug;
		};
		85F12D1B2329FFE70054794F /* Release */ = {
			isa = XCBuildConfiguration;
			buildSettings = {
				ASSETCATALOG_COMPILER_APPICON_NAME = AppIcon;
				CODE_SIGN_STYLE = Automatic;
				DEVELOPMENT_TEAM = MBH23373JX;
				INFOPLIST_FILE = "MVC in ios/Info.plist";
				LD_RUNPATH_SEARCH_PATHS = (
					"$(inherited)",
					"@executable_path/Frameworks",
				);
				PRODUCT_BUNDLE_IDENTIFIER = "abdo.test.MVC-in-ios";
				PRODUCT_NAME = "$(TARGET_NAME)";
				SWIFT_VERSION = 5.0;
				TARGETED_DEVICE_FAMILY = "1,2";
			};
			name = Release;
		};
/* End XCBuildConfiguration section */

/* Begin XCConfigurationList section */
		85F12D022329FFE60054794F /* Build configuration list for PBXProject "MVC in ios" */ = {
			isa = XCConfigurationList;
			buildConfigurations = (
				85F12D172329FFE70054794F /* Debug */,
				85F12D182329FFE70054794F /* Release */,
			);
			defaultConfigurationIsVisible = 0;
			defaultConfigurationName = Release;
		};
		85F12D192329FFE70054794F /* Build configuration list for PBXNativeTarget "MVC in ios" */ = {
			isa = XCConfigurationList;
			buildConfigurations = (
				85F12D1A2329FFE70054794F /* Debug */,
				85F12D1B2329FFE70054794F /* Release */,
			);
			defaultConfigurationIsVisible = 0;
			defaultConfigurationName = Release;
		};
/* End XCConfigurationList section */
	};
	rootObject = 85F12CFF2329FFE60054794F /* Project object */;
}
